
Microsoft Visual Studio Solution File, Format Version 12.00
# Visual Studio 2012
Project("{FAE04EC0-301F-11D3-BF4B-00C04F79EFBC}") = "WpfMdiApp1", "WpfMdiApp1\WpfMdiApp1.csproj", "{2C99C313-6094-41A7-B30D-638DD2FDB6BF}"
EndProject
Project("{FAE04EC0-301F-11D3-BF4B-00C04F79EFBC}") = "CIL", "CIL\CIL.csproj", "{E88842C2-A8FC-4A22-A62E-7F9CC153C6B9}"
EndProject
Project("{FAE04EC0-301F-11D3-BF4B-00C04F79EFBC}") = "PLL", "PLL\PLL.csproj", "{0CB007AD-B426-420F-8176-3ECA5F3127B8}"
EndProject
Project("{FAE04EC0-301F-11D3-BF4B-00C04F79EFBC}") = "UIL", "UIL\UIL.csproj", "{DF091002-72C3-47E9-A412-EAEEF8A0EC80}"
EndProject
Global
	GlobalSection(SolutionConfigurationPlatforms) = preSolution
		Debug|Any CPU = Debug|Any CPU
		Release|Any CPU = Release|Any CPU
	EndGlobalSection
	GlobalSection(ProjectConfigurationPlatforms) = postSolution
		{2C99C313-6094-41A7-B30D-638DD2FDB6BF}.Debug|Any CPU.ActiveCfg = Debug|Any CPU
		{2C99C313-6094-41A7-B30D-638DD2FDB6BF}.Debug|Any CPU.Build.0 = Debug|Any CPU
		{2C99C313-6094-41A7-B30D-638DD2FDB6BF}.Release|Any CPU.ActiveCfg = Release|Any CPU
		{2C99C313-6094-41A7-B30D-638DD2FDB6BF}.Release|Any CPU.Build.0 = Release|Any CPU
		{E88842C2-A8FC-4A22-A62E-7F9CC153C6B9}.Debug|Any CPU.ActiveCfg = Debug|Any CPU
		{E88842C2-A8FC-4A22-A62E-7F9CC153C6B9}.Debug|Any CPU.Build.0 = Debug|Any CPU
		{E88842C2-A8FC-4A22-A62E-7F9CC153C6B9}.Release|Any CPU.ActiveCfg = Release|Any CPU
		{E88842C2-A8FC-4A22-A62E-7F9CC153C6B9}.Release|Any CPU.Build.0 = Release|Any CPU
		{0CB007AD-B426-420F-8176-3ECA5F3127B8}.Debug|Any CPU.ActiveCfg = Debug|Any CPU
		{0CB007AD-B426-420F-8176-3ECA5F3127B8}.Debug|Any CPU.Build.0 = Debug|Any CPU
		{0CB007AD-B426-420F-8176-3ECA5F3127B8}.Release|Any CPU.ActiveCfg = Release|Any CPU
		{0CB007AD-B426-420F-8176-3ECA5F3127B8}.Release|Any CPU.Build.0 = Release|Any CPU
		{DF091002-72C3-47E9-A412-EAEEF8A0EC80}.Debug|Any CPU.ActiveCfg = Debug|Any CPU
		{DF091002-72C3-47E9-A412-EAEEF8A0EC80}.Debug|Any CPU.Build.0 = Debug|Any CPU
		{DF091002-72C3-47E9-A412-EAEEF8A0EC80}.Release|Any CPU.ActiveCfg = Release|Any CPU
		{DF091002-72C3-47E9-A412-EAEEF8A0EC80}.Release|Any CPU.Build.0 = Release|Any CPU
	EndGlobalSection
	GlobalSection(SolutionProperties) = preSolution
		HideSolutionNode = FALSE
	EndGlobalSection
EndGlobal
